
Microsoft Visual Studio Solution File, Format Version 12.00
# Visual Studio Version 17
VisualStudioVersion = 17.0.31903.59
MinimumVisualStudioVersion = 10.0.40219.1
Project("{2150E333-8FDC-42A3-9474-1A3956D46DE8}") = "src", "src", "{78C53A82-A883-4D06-AC01-E17F56D4E588}"
EndProject
Project("{FAE04EC0-301F-11D3-BF4B-00C04F79EFBC}") = "FCAMM.Core", "src\FCAMM.Core\FCAMM.Core.csproj", "{D030B7C5-E6C4-4F60-931C-5A8BE51F23B2}"
EndProject
Project("{FAE04EC0-301F-11D3-BF4B-00C04F79EFBC}") = "FCAMM.Web", "src\FCAMM.Web\FCAMM.Web.csproj", "{6C6E7DD8-5F36-4A19-A6B3-0A83AC600042}"
EndProject
Project("{FAE04EC0-301F-11D3-BF4B-00C04F79EFBC}") = "FCAMM.Api", "src\FCAMM.Api\FCAMM.Api.csproj", "{57F221DA-0572-4660-B7A8-496303954F1B}"
EndProject
Global
	GlobalSection(SolutionConfigurationPlatforms) = preSolution
		Debug|Any CPU = Debug|Any CPU
		Release|Any CPU = Release|Any CPU
	EndGlobalSection
	GlobalSection(SolutionProperties) = preSolution
		HideSolutionNode = FALSE
	EndGlobalSection
	GlobalSection(ProjectConfigurationPlatforms) = postSolution
		{D030B7C5-E6C4-4F60-931C-5A8BE51F23B2}.Debug|Any CPU.ActiveCfg = Debug|Any CPU
		{D030B7C5-E6C4-4F60-931C-5A8BE51F23B2}.Debug|Any CPU.Build.0 = Debug|Any CPU
		{D030B7C5-E6C4-4F60-931C-5A8BE51F23B2}.Release|Any CPU.ActiveCfg = Release|Any CPU
		{D030B7C5-E6C4-4F60-931C-5A8BE51F23B2}.Release|Any CPU.Build.0 = Release|Any CPU
		{6C6E7DD8-5F36-4A19-A6B3-0A83AC600042}.Debug|Any CPU.ActiveCfg = Debug|Any CPU
		{6C6E7DD8-5F36-4A19-A6B3-0A83AC600042}.Debug|Any CPU.Build.0 = Debug|Any CPU
		{6C6E7DD8-5F36-4A19-A6B3-0A83AC600042}.Release|Any CPU.ActiveCfg = Release|Any CPU
		{6C6E7DD8-5F36-4A19-A6B3-0A83AC600042}.Release|Any CPU.Build.0 = Release|Any CPU
		{57F221DA-0572-4660-B7A8-496303954F1B}.Debug|Any CPU.ActiveCfg = Debug|Any CPU
		{57F221DA-0572-4660-B7A8-496303954F1B}.Debug|Any CPU.Build.0 = Debug|Any CPU
		{57F221DA-0572-4660-B7A8-496303954F1B}.Release|Any CPU.ActiveCfg = Release|Any CPU
		{57F221DA-0572-4660-B7A8-496303954F1B}.Release|Any CPU.Build.0 = Release|Any CPU
	EndGlobalSection
	GlobalSection(NestedProjects) = preSolution
		{D030B7C5-E6C4-4F60-931C-5A8BE51F23B2} = {78C53A82-A883-4D06-AC01-E17F56D4E588}
		{6C6E7DD8-5F36-4A19-A6B3-0A83AC600042} = {78C53A82-A883-4D06-AC01-E17F56D4E588}
		{57F221DA-0572-4660-B7A8-496303954F1B} = {78C53A82-A883-4D06-AC01-E17F56D4E588}
	EndGlobalSection
EndGlobal
